
Microsoft Visual Studio Solution File, Format Version 12.00
# Visual Studio 15
VisualStudioVersion = 15.0.28307.1169
MinimumVisualStudioVersion = 10.0.40219.1
Project("{FAE04EC0-301F-11D3-BF4B-00C04F79EFBC}") = "ClientCFC-P4-026", "ClientCFC-P4-026\ClientCFC-P4-026.csproj", "{830DD6DC-7D1A-4214-B30E-7199475060CD}"
EndProject
Global
	GlobalSection(SolutionConfigurationPlatforms) = preSolution
		Debug|Any CPU = Debug|Any CPU
		Release|Any CPU = Release|Any CPU
	EndGlobalSection
	GlobalSection(ProjectConfigurationPlatforms) = postSolution
		{830DD6DC-7D1A-4214-B30E-7199475060CD}.Debug|Any CPU.ActiveCfg = Debug|Any CPU
		{830DD6DC-7D1A-4214-B30E-7199475060CD}.Debug|Any CPU.Build.0 = Debug|Any CPU
		{830DD6DC-7D1A-4214-B30E-7199475060CD}.Release|Any CPU.ActiveCfg = Release|Any CPU
		{830DD6DC-7D1A-4214-B30E-7199475060CD}.Release|Any CPU.Build.0 = Release|Any CPU
	EndGlobalSection
	GlobalSection(SolutionProperties) = preSolution
		HideSolutionNode = FALSE
	EndGlobalSection
	GlobalSection(ExtensibilityGlobals) = postSolution
		SolutionGuid = {4B80C1E1-4610-43B0-B361-89D55C6E93AB}
	EndGlobalSection
EndGlobal
